
Microsoft Visual Studio Solution File, Format Version 12.00
# Visual Studio Version 16
VisualStudioVersion = 16.0.32510.428
MinimumVisualStudioVersion = 10.0.40219.1
Project("{FAE04EC0-301F-11D3-BF4B-00C04F79EFBC}") = "MPMMONITORINGRUANGAN", "MPMMONITORINGRUANGAN.csproj", "{DF2284D0-3145-418B-9D1C-C51474CA1BD9}"
EndProject
Project("{FAE04EC0-301F-11D3-BF4B-00C04F79EFBC}") = "MPMMODELRUANGAN", "..\MPMMODELRUANGAN\MPMMODELRUANGAN.csproj", "{8E4A605C-2E50-4DD1-900D-BEBD669410D3}"
EndProject
Global
	GlobalSection(SolutionConfigurationPlatforms) = preSolution
		Debug|Any CPU = Debug|Any CPU
		Release|Any CPU = Release|Any CPU
	EndGlobalSection
	GlobalSection(ProjectConfigurationPlatforms) = postSolution
		{DF2284D0-3145-418B-9D1C-C51474CA1BD9}.Debug|Any CPU.ActiveCfg = Debug|Any CPU
		{DF2284D0-3145-418B-9D1C-C51474CA1BD9}.Debug|Any CPU.Build.0 = Debug|Any CPU
		{DF2284D0-3145-418B-9D1C-C51474CA1BD9}.Release|Any CPU.ActiveCfg = Release|Any CPU
		{DF2284D0-3145-418B-9D1C-C51474CA1BD9}.Release|Any CPU.Build.0 = Release|Any CPU
		{8E4A605C-2E50-4DD1-900D-BEBD669410D3}.Debug|Any CPU.ActiveCfg = Debug|Any CPU
		{8E4A605C-2E50-4DD1-900D-BEBD669410D3}.Debug|Any CPU.Build.0 = Debug|Any CPU
		{8E4A605C-2E50-4DD1-900D-BEBD669410D3}.Release|Any CPU.ActiveCfg = Release|Any CPU
		{8E4A605C-2E50-4DD1-900D-BEBD669410D3}.Release|Any CPU.Build.0 = Release|Any CPU
	EndGlobalSection
	GlobalSection(SolutionProperties) = preSolution
		HideSolutionNode = FALSE
	EndGlobalSection
	GlobalSection(ExtensibilityGlobals) = postSolution
		SolutionGuid = {D0ABD30A-4EFA-4D6A-B3F0-6B19D7799941}
	EndGlobalSection
EndGlobal
